
Microsoft Visual Studio Solution File, Format Version 12.00
Project("{FAE04EC0-301F-11D3-BF4B-00C04F79EFBC}") = "GylleneDroppen.Admin.Blazor", "GylleneDroppen.Admin.Blazor\GylleneDroppen.Admin.Blazor.csproj", "{F91625F0-20C2-4940-9B86-75A84E131B4B}"
EndProject
Global
	GlobalSection(SolutionConfigurationPlatforms) = preSolution
		Debug|Any CPU = Debug|Any CPU
		Release|Any CPU = Release|Any CPU
	EndGlobalSection
	GlobalSection(ProjectConfigurationPlatforms) = postSolution
		{F91625F0-20C2-4940-9B86-75A84E131B4B}.Debug|Any CPU.ActiveCfg = Debug|Any CPU
		{F91625F0-20C2-4940-9B86-75A84E131B4B}.Debug|Any CPU.Build.0 = Debug|Any CPU
		{F91625F0-20C2-4940-9B86-75A84E131B4B}.Release|Any CPU.ActiveCfg = Release|Any CPU
		{F91625F0-20C2-4940-9B86-75A84E131B4B}.Release|Any CPU.Build.0 = Release|Any CPU
	EndGlobalSection
EndGlobal
